
Microsoft Visual Studio Solution File, Format Version 12.00
# Visual Studio Version 17
VisualStudioVersion = 17.1.32414.318
MinimumVisualStudioVersion = 10.0.40219.1
Project("{FAE04EC0-301F-11D3-BF4B-00C04F79EFBC}") = "WebApi", "WebApi\WebApi.csproj", "{D78F8146-4DC3-49B1-9C37-13B55767544C}"
EndProject
Global
	GlobalSection(SolutionConfigurationPlatforms) = preSolution
		Debug|Any CPU = Debug|Any CPU
		Release|Any CPU = Release|Any CPU
	EndGlobalSection
	GlobalSection(ProjectConfigurationPlatforms) = postSolution
		{D78F8146-4DC3-49B1-9C37-13B55767544C}.Debug|Any CPU.ActiveCfg = Debug|Any CPU
		{D78F8146-4DC3-49B1-9C37-13B55767544C}.Debug|Any CPU.Build.0 = Debug|Any CPU
		{D78F8146-4DC3-49B1-9C37-13B55767544C}.Release|Any CPU.ActiveCfg = Release|Any CPU
		{D78F8146-4DC3-49B1-9C37-13B55767544C}.Release|Any CPU.Build.0 = Release|Any CPU
	EndGlobalSection
	GlobalSection(SolutionProperties) = preSolution
		HideSolutionNode = FALSE
	EndGlobalSection
	GlobalSection(ExtensibilityGlobals) = postSolution
		SolutionGuid = {9B61AAB4-8630-4B34-B57B-9FAB8C450996}
	EndGlobalSection
EndGlobal
